
Microsoft Visual Studio Solution File, Format Version 12.00
# Visual Studio Version 17
VisualStudioVersion = 17.0.32112.339
MinimumVisualStudioVersion = 10.0.40219.1
Project("{9A19103F-16F7-4668-BE54-9A1E7A4F7556}") = "Northwind.Common.EntityModels.Sqlite", "Northwind.Common.EntityModels.Sqlite\Northwind.Common.EntityModels.Sqlite.csproj", "{2E110886-BC5E-41B6-9139-0446322087E0}"
EndProject
Project("{9A19103F-16F7-4668-BE54-9A1E7A4F7556}") = "Northwind.Common.DataContext.Sqlite", "Northwind.Common.DataContext.Sqlite\Northwind.Common.DataContext.Sqlite.csproj", "{2F7DA396-0EFF-4027-8C50-BE410B2F079B}"
EndProject
Project("{9A19103F-16F7-4668-BE54-9A1E7A4F7556}") = "Northwind.Web", "Northwind.Web\Northwind.Web.csproj", "{953DC3DF-1DFC-41E3-BC51-EFCCB1FE9B9E}"
EndProject
Project("{9A19103F-16F7-4668-BE54-9A1E7A4F7556}") = "Northwind.Razor.Employees", "Northwind.Razor.Employees\Northwind.Razor.Employees.csproj", "{15CC59DE-A5B5-4F64-A624-E66E6AAFC8EC}"
EndProject
Project("{9A19103F-16F7-4668-BE54-9A1E7A4F7556}") = "Northwind.Mvc", "Northwind.Mvc\Northwind.Mvc.csproj", "{1620880A-C172-4F4C-A0EE-C007D681E904}"
EndProject
Project("{FAE04EC0-301F-11D3-BF4B-00C04F79EFBC}") = "Northwind.WebApi", "Northwind.WebApi\Northwind.WebApi.csproj", "{6E8F0556-D42C-4F15-A9E3-992636257B9F}"
EndProject
Global
	GlobalSection(SolutionConfigurationPlatforms) = preSolution
		Debug|Any CPU = Debug|Any CPU
		Release|Any CPU = Release|Any CPU
	EndGlobalSection
	GlobalSection(ProjectConfigurationPlatforms) = postSolution
		{2E110886-BC5E-41B6-9139-0446322087E0}.Debug|Any CPU.ActiveCfg = Debug|Any CPU
		{2E110886-BC5E-41B6-9139-0446322087E0}.Debug|Any CPU.Build.0 = Debug|Any CPU
		{2E110886-BC5E-41B6-9139-0446322087E0}.Release|Any CPU.ActiveCfg = Release|Any CPU
		{2E110886-BC5E-41B6-9139-0446322087E0}.Release|Any CPU.Build.0 = Release|Any CPU
		{2F7DA396-0EFF-4027-8C50-BE410B2F079B}.Debug|Any CPU.ActiveCfg = Debug|Any CPU
		{2F7DA396-0EFF-4027-8C50-BE410B2F079B}.Debug|Any CPU.Build.0 = Debug|Any CPU
		{2F7DA396-0EFF-4027-8C50-BE410B2F079B}.Release|Any CPU.ActiveCfg = Release|Any CPU
		{2F7DA396-0EFF-4027-8C50-BE410B2F079B}.Release|Any CPU.Build.0 = Release|Any CPU
		{953DC3DF-1DFC-41E3-BC51-EFCCB1FE9B9E}.Debug|Any CPU.ActiveCfg = Debug|Any CPU
		{953DC3DF-1DFC-41E3-BC51-EFCCB1FE9B9E}.Debug|Any CPU.Build.0 = Debug|Any CPU
		{953DC3DF-1DFC-41E3-BC51-EFCCB1FE9B9E}.Release|Any CPU.ActiveCfg = Release|Any CPU
		{953DC3DF-1DFC-41E3-BC51-EFCCB1FE9B9E}.Release|Any CPU.Build.0 = Release|Any CPU
		{15CC59DE-A5B5-4F64-A624-E66E6AAFC8EC}.Debug|Any CPU.ActiveCfg = Debug|Any CPU
		{15CC59DE-A5B5-4F64-A624-E66E6AAFC8EC}.Debug|Any CPU.Build.0 = Debug|Any CPU
		{15CC59DE-A5B5-4F64-A624-E66E6AAFC8EC}.Release|Any CPU.ActiveCfg = Release|Any CPU
		{15CC59DE-A5B5-4F64-A624-E66E6AAFC8EC}.Release|Any CPU.Build.0 = Release|Any CPU
		{1620880A-C172-4F4C-A0EE-C007D681E904}.Debug|Any CPU.ActiveCfg = Debug|Any CPU
		{1620880A-C172-4F4C-A0EE-C007D681E904}.Debug|Any CPU.Build.0 = Debug|Any CPU
		{1620880A-C172-4F4C-A0EE-C007D681E904}.Release|Any CPU.ActiveCfg = Release|Any CPU
		{1620880A-C172-4F4C-A0EE-C007D681E904}.Release|Any CPU.Build.0 = Release|Any CPU
		{6E8F0556-D42C-4F15-A9E3-992636257B9F}.Debug|Any CPU.ActiveCfg = Debug|Any CPU
		{6E8F0556-D42C-4F15-A9E3-992636257B9F}.Debug|Any CPU.Build.0 = Debug|Any CPU
		{6E8F0556-D42C-4F15-A9E3-992636257B9F}.Release|Any CPU.ActiveCfg = Release|Any CPU
		{6E8F0556-D42C-4F15-A9E3-992636257B9F}.Release|Any CPU.Build.0 = Release|Any CPU
	EndGlobalSection
	GlobalSection(SolutionProperties) = preSolution
		HideSolutionNode = FALSE
	EndGlobalSection
	GlobalSection(ExtensibilityGlobals) = postSolution
		SolutionGuid = {14EE9A6F-9691-4CD7-8755-F34C51D59766}
	EndGlobalSection
EndGlobal
